
Microsoft Visual Studio Solution File, Format Version 12.00
# Visual Studio Version 17
VisualStudioVersion = 17.14.36511.14
MinimumVisualStudioVersion = 10.0.40219.1
Project("{FAE04EC0-301F-11D3-BF4B-00C04F79EFBC}") = "ConsoleApp2", "ConsoleApp2\ConsoleApp2.csproj", "{2C4A828D-71A6-4957-97D8-C17CD09B1582}"
EndProject
Project("{FAE04EC0-301F-11D3-BF4B-00C04F79EFBC}") = "primer forms", "primer forms\primer forms.csproj", "{6D03D778-04A2-41AA-B5BE-FE49BF7D2B34}"
EndProject
Global
	GlobalSection(SolutionConfigurationPlatforms) = preSolution
		Debug|Any CPU = Debug|Any CPU
		Release|Any CPU = Release|Any CPU
	EndGlobalSection
	GlobalSection(ProjectConfigurationPlatforms) = postSolution
		{2C4A828D-71A6-4957-97D8-C17CD09B1582}.Debug|Any CPU.ActiveCfg = Debug|Any CPU
		{2C4A828D-71A6-4957-97D8-C17CD09B1582}.Debug|Any CPU.Build.0 = Debug|Any CPU
		{2C4A828D-71A6-4957-97D8-C17CD09B1582}.Release|Any CPU.ActiveCfg = Release|Any CPU
		{2C4A828D-71A6-4957-97D8-C17CD09B1582}.Release|Any CPU.Build.0 = Release|Any CPU
		{6D03D778-04A2-41AA-B5BE-FE49BF7D2B34}.Debug|Any CPU.ActiveCfg = Debug|Any CPU
		{6D03D778-04A2-41AA-B5BE-FE49BF7D2B34}.Debug|Any CPU.Build.0 = Debug|Any CPU
		{6D03D778-04A2-41AA-B5BE-FE49BF7D2B34}.Release|Any CPU.ActiveCfg = Release|Any CPU
		{6D03D778-04A2-41AA-B5BE-FE49BF7D2B34}.Release|Any CPU.Build.0 = Release|Any CPU
	EndGlobalSection
	GlobalSection(SolutionProperties) = preSolution
		HideSolutionNode = FALSE
	EndGlobalSection
	GlobalSection(ExtensibilityGlobals) = postSolution
		SolutionGuid = {99EDF3C4-AF89-4AB6-AF7B-763BE964220D}
	EndGlobalSection
EndGlobal
